
Microsoft Visual Studio Solution File, Format Version 12.00
# Visual Studio 14
VisualStudioVersion = 14.0.25420.1
MinimumVisualStudioVersion = 10.0.40219.1
Project("{8BC9CEB8-8B4A-11D0-8D11-00A0C91BC942}") = "task1", "task1\task1.vcxproj", "{EAA00A60-DA2A-4063-B67A-4B8E918B5E91}"
EndProject
Project("{8BC9CEB8-8B4A-11D0-8D11-00A0C91BC942}") = "task1tests", "task1tests\task1tests.vcxproj", "{B9922A7B-5CC5-4C8F-B310-CB02A479C416}"
EndProject
Global
	GlobalSection(SolutionConfigurationPlatforms) = preSolution
		Debug|x64 = Debug|x64
		Debug|x86 = Debug|x86
		Release|x64 = Release|x64
		Release|x86 = Release|x86
	EndGlobalSection
	GlobalSection(ProjectConfigurationPlatforms) = postSolution
		{EAA00A60-DA2A-4063-B67A-4B8E918B5E91}.Debug|x64.ActiveCfg = Debug|x64
		{EAA00A60-DA2A-4063-B67A-4B8E918B5E91}.Debug|x64.Build.0 = Debug|x64
		{EAA00A60-DA2A-4063-B67A-4B8E918B5E91}.Debug|x86.ActiveCfg = Debug|Win32
		{EAA00A60-DA2A-4063-B67A-4B8E918B5E91}.Debug|x86.Build.0 = Debug|Win32
		{EAA00A60-DA2A-4063-B67A-4B8E918B5E91}.Release|x64.ActiveCfg = Release|x64
		{EAA00A60-DA2A-4063-B67A-4B8E918B5E91}.Release|x64.Build.0 = Release|x64
		{EAA00A60-DA2A-4063-B67A-4B8E918B5E91}.Release|x86.ActiveCfg = Release|Win32
		{EAA00A60-DA2A-4063-B67A-4B8E918B5E91}.Release|x86.Build.0 = Release|Win32
		{B9922A7B-5CC5-4C8F-B310-CB02A479C416}.Debug|x64.ActiveCfg = Debug|x64
		{B9922A7B-5CC5-4C8F-B310-CB02A479C416}.Debug|x64.Build.0 = Debug|x64
		{B9922A7B-5CC5-4C8F-B310-CB02A479C416}.Debug|x86.ActiveCfg = Debug|Win32
		{B9922A7B-5CC5-4C8F-B310-CB02A479C416}.Debug|x86.Build.0 = Debug|Win32
		{B9922A7B-5CC5-4C8F-B310-CB02A479C416}.Release|x64.ActiveCfg = Release|x64
		{B9922A7B-5CC5-4C8F-B310-CB02A479C416}.Release|x64.Build.0 = Release|x64
		{B9922A7B-5CC5-4C8F-B310-CB02A479C416}.Release|x86.ActiveCfg = Release|Win32
		{B9922A7B-5CC5-4C8F-B310-CB02A479C416}.Release|x86.Build.0 = Release|Win32
	EndGlobalSection
	GlobalSection(SolutionProperties) = preSolution
		HideSolutionNode = FALSE
	EndGlobalSection
EndGlobal
